
Microsoft Visual Studio Solution File, Format Version 12.00
# Visual Studio 15
VisualStudioVersion = 15.0.26430.16
MinimumVisualStudioVersion = 10.0.40219.1
Project("{FAE04EC0-301F-11D3-BF4B-00C04F79EFBC}") = "MyLinqOverObjects", "MyLinqOverObjects\MyLinqOverObjects.csproj", "{E3CF1EAD-BC7D-4B62-930A-2C2B4CC5BF67}"
EndProject
Project("{FAE04EC0-301F-11D3-BF4B-00C04F79EFBC}") = "MyDefferedExecution", "MyDefferedExecution\MyDefferedExecution.csproj", "{0D0C395D-A69C-4938-9D69-B37EC28E04AF}"
EndProject
Project("{FAE04EC0-301F-11D3-BF4B-00C04F79EFBC}") = "MyImmediateExecution", "MyImmediateExecution\MyImmediateExecution.csproj", "{9F95DEA9-1476-4930-B517-3F64D5D48ACC}"
EndProject
Global
	GlobalSection(SolutionConfigurationPlatforms) = preSolution
		Debug|Any CPU = Debug|Any CPU
		Release|Any CPU = Release|Any CPU
	EndGlobalSection
	GlobalSection(ProjectConfigurationPlatforms) = postSolution
		{E3CF1EAD-BC7D-4B62-930A-2C2B4CC5BF67}.Debug|Any CPU.ActiveCfg = Debug|Any CPU
		{E3CF1EAD-BC7D-4B62-930A-2C2B4CC5BF67}.Debug|Any CPU.Build.0 = Debug|Any CPU
		{E3CF1EAD-BC7D-4B62-930A-2C2B4CC5BF67}.Release|Any CPU.ActiveCfg = Release|Any CPU
		{E3CF1EAD-BC7D-4B62-930A-2C2B4CC5BF67}.Release|Any CPU.Build.0 = Release|Any CPU
		{0D0C395D-A69C-4938-9D69-B37EC28E04AF}.Debug|Any CPU.ActiveCfg = Debug|Any CPU
		{0D0C395D-A69C-4938-9D69-B37EC28E04AF}.Debug|Any CPU.Build.0 = Debug|Any CPU
		{0D0C395D-A69C-4938-9D69-B37EC28E04AF}.Release|Any CPU.ActiveCfg = Release|Any CPU
		{0D0C395D-A69C-4938-9D69-B37EC28E04AF}.Release|Any CPU.Build.0 = Release|Any CPU
		{9F95DEA9-1476-4930-B517-3F64D5D48ACC}.Debug|Any CPU.ActiveCfg = Debug|Any CPU
		{9F95DEA9-1476-4930-B517-3F64D5D48ACC}.Debug|Any CPU.Build.0 = Debug|Any CPU
		{9F95DEA9-1476-4930-B517-3F64D5D48ACC}.Release|Any CPU.ActiveCfg = Release|Any CPU
		{9F95DEA9-1476-4930-B517-3F64D5D48ACC}.Release|Any CPU.Build.0 = Release|Any CPU
	EndGlobalSection
	GlobalSection(SolutionProperties) = preSolution
		HideSolutionNode = FALSE
	EndGlobalSection
EndGlobal
