
Microsoft Visual Studio Solution File, Format Version 12.00
# Visual Studio 15
VisualStudioVersion = 15.0.26430.16
MinimumVisualStudioVersion = 10.0.40219.1
Project("{FAE04EC0-301F-11D3-BF4B-00C04F79EFBC}") = "MySimpleDelegate", "MySimpleDelegate\MySimpleDelegate.csproj", "{5B52CBFA-3CE2-40D7-B0F1-66B58CE8895D}"
EndProject
Project("{FAE04EC0-301F-11D3-BF4B-00C04F79EFBC}") = "MyAsuyncDelegate", "MyAsuyncDelegate\MyAsuyncDelegate.csproj", "{C8674317-6F31-4869-8843-8AB6FB9FA268}"
EndProject
Project("{FAE04EC0-301F-11D3-BF4B-00C04F79EFBC}") = "MyAsyncDelegateSignature", "MyAsyncDelegateSignature\MyAsyncDelegateSignature.csproj", "{BCEF0A96-94B1-486B-912E-1C8DA098340C}"
EndProject
Project("{FAE04EC0-301F-11D3-BF4B-00C04F79EFBC}") = "MyAnonymousMethod", "MyAnonymousMethod\MyAnonymousMethod.csproj", "{3C84C6F0-3CDC-45E4-9A79-CCAA0FC138C2}"
EndProject
Project("{FAE04EC0-301F-11D3-BF4B-00C04F79EFBC}") = "MyLambdaVariableScope", "MyLambdaVariableScope\MyLambdaVariableScope.csproj", "{24DF770E-0E77-465F-8ACC-B0573FDD5870}"
EndProject
Project("{FAE04EC0-301F-11D3-BF4B-00C04F79EFBC}") = "MyTripleUsage", "MyTripleUsage\MyTripleUsage.csproj", "{C1642AA8-B193-4A44-8245-1734DE43618B}"
EndProject
Global
	GlobalSection(SolutionConfigurationPlatforms) = preSolution
		Debug|Any CPU = Debug|Any CPU
		Release|Any CPU = Release|Any CPU
	EndGlobalSection
	GlobalSection(ProjectConfigurationPlatforms) = postSolution
		{5B52CBFA-3CE2-40D7-B0F1-66B58CE8895D}.Debug|Any CPU.ActiveCfg = Debug|Any CPU
		{5B52CBFA-3CE2-40D7-B0F1-66B58CE8895D}.Debug|Any CPU.Build.0 = Debug|Any CPU
		{5B52CBFA-3CE2-40D7-B0F1-66B58CE8895D}.Release|Any CPU.ActiveCfg = Release|Any CPU
		{5B52CBFA-3CE2-40D7-B0F1-66B58CE8895D}.Release|Any CPU.Build.0 = Release|Any CPU
		{C8674317-6F31-4869-8843-8AB6FB9FA268}.Debug|Any CPU.ActiveCfg = Debug|Any CPU
		{C8674317-6F31-4869-8843-8AB6FB9FA268}.Debug|Any CPU.Build.0 = Debug|Any CPU
		{C8674317-6F31-4869-8843-8AB6FB9FA268}.Release|Any CPU.ActiveCfg = Release|Any CPU
		{C8674317-6F31-4869-8843-8AB6FB9FA268}.Release|Any CPU.Build.0 = Release|Any CPU
		{BCEF0A96-94B1-486B-912E-1C8DA098340C}.Debug|Any CPU.ActiveCfg = Debug|Any CPU
		{BCEF0A96-94B1-486B-912E-1C8DA098340C}.Debug|Any CPU.Build.0 = Debug|Any CPU
		{BCEF0A96-94B1-486B-912E-1C8DA098340C}.Release|Any CPU.ActiveCfg = Release|Any CPU
		{BCEF0A96-94B1-486B-912E-1C8DA098340C}.Release|Any CPU.Build.0 = Release|Any CPU
		{3C84C6F0-3CDC-45E4-9A79-CCAA0FC138C2}.Debug|Any CPU.ActiveCfg = Debug|Any CPU
		{3C84C6F0-3CDC-45E4-9A79-CCAA0FC138C2}.Debug|Any CPU.Build.0 = Debug|Any CPU
		{3C84C6F0-3CDC-45E4-9A79-CCAA0FC138C2}.Release|Any CPU.ActiveCfg = Release|Any CPU
		{3C84C6F0-3CDC-45E4-9A79-CCAA0FC138C2}.Release|Any CPU.Build.0 = Release|Any CPU
		{24DF770E-0E77-465F-8ACC-B0573FDD5870}.Debug|Any CPU.ActiveCfg = Debug|Any CPU
		{24DF770E-0E77-465F-8ACC-B0573FDD5870}.Debug|Any CPU.Build.0 = Debug|Any CPU
		{24DF770E-0E77-465F-8ACC-B0573FDD5870}.Release|Any CPU.ActiveCfg = Release|Any CPU
		{24DF770E-0E77-465F-8ACC-B0573FDD5870}.Release|Any CPU.Build.0 = Release|Any CPU
		{C1642AA8-B193-4A44-8245-1734DE43618B}.Debug|Any CPU.ActiveCfg = Debug|Any CPU
		{C1642AA8-B193-4A44-8245-1734DE43618B}.Debug|Any CPU.Build.0 = Debug|Any CPU
		{C1642AA8-B193-4A44-8245-1734DE43618B}.Release|Any CPU.ActiveCfg = Release|Any CPU
		{C1642AA8-B193-4A44-8245-1734DE43618B}.Release|Any CPU.Build.0 = Release|Any CPU
	EndGlobalSection
	GlobalSection(SolutionProperties) = preSolution
		HideSolutionNode = FALSE
	EndGlobalSection
EndGlobal
