
Microsoft Visual Studio Solution File, Format Version 12.00
# Visual Studio 15
VisualStudioVersion = 15.0.26430.16
MinimumVisualStudioVersion = 10.0.40219.1
Project("{FAE04EC0-301F-11D3-BF4B-00C04F79EFBC}") = "MyEncapsulation", "MyEncapsulation\MyEncapsulation.csproj", "{B91354B4-D6C3-4DD8-B57A-08525456E844}"
EndProject
Project("{FAE04EC0-301F-11D3-BF4B-00C04F79EFBC}") = "Inheritance", "Inheritance\Inheritance.csproj", "{67D505A8-4C20-4293-915D-EBE1540A5FF8}"
EndProject
Project("{FAE04EC0-301F-11D3-BF4B-00C04F79EFBC}") = "MyBaseKeyword", "MyBaseKeyword\MyBaseKeyword.csproj", "{3A560F31-CA1E-46A2-87FB-CEA553280941}"
EndProject
Project("{FAE04EC0-301F-11D3-BF4B-00C04F79EFBC}") = "MyPolymorphism", "MyPolymorphism\MyPolymorphism.csproj", "{BC89FF0B-56C5-4B0A-846A-F5760A1FC994}"
EndProject
Project("{FAE04EC0-301F-11D3-BF4B-00C04F79EFBC}") = "MyAbstract", "MyAbstract\MyAbstract.csproj", "{062C4764-99C7-4450-BF86-67C4BD5E8125}"
EndProject
Global
	GlobalSection(SolutionConfigurationPlatforms) = preSolution
		Debug|Any CPU = Debug|Any CPU
		Release|Any CPU = Release|Any CPU
	EndGlobalSection
	GlobalSection(ProjectConfigurationPlatforms) = postSolution
		{B91354B4-D6C3-4DD8-B57A-08525456E844}.Debug|Any CPU.ActiveCfg = Debug|Any CPU
		{B91354B4-D6C3-4DD8-B57A-08525456E844}.Debug|Any CPU.Build.0 = Debug|Any CPU
		{B91354B4-D6C3-4DD8-B57A-08525456E844}.Release|Any CPU.ActiveCfg = Release|Any CPU
		{B91354B4-D6C3-4DD8-B57A-08525456E844}.Release|Any CPU.Build.0 = Release|Any CPU
		{67D505A8-4C20-4293-915D-EBE1540A5FF8}.Debug|Any CPU.ActiveCfg = Debug|Any CPU
		{67D505A8-4C20-4293-915D-EBE1540A5FF8}.Debug|Any CPU.Build.0 = Debug|Any CPU
		{67D505A8-4C20-4293-915D-EBE1540A5FF8}.Release|Any CPU.ActiveCfg = Release|Any CPU
		{67D505A8-4C20-4293-915D-EBE1540A5FF8}.Release|Any CPU.Build.0 = Release|Any CPU
		{3A560F31-CA1E-46A2-87FB-CEA553280941}.Debug|Any CPU.ActiveCfg = Debug|Any CPU
		{3A560F31-CA1E-46A2-87FB-CEA553280941}.Debug|Any CPU.Build.0 = Debug|Any CPU
		{3A560F31-CA1E-46A2-87FB-CEA553280941}.Release|Any CPU.ActiveCfg = Release|Any CPU
		{3A560F31-CA1E-46A2-87FB-CEA553280941}.Release|Any CPU.Build.0 = Release|Any CPU
		{BC89FF0B-56C5-4B0A-846A-F5760A1FC994}.Debug|Any CPU.ActiveCfg = Debug|Any CPU
		{BC89FF0B-56C5-4B0A-846A-F5760A1FC994}.Debug|Any CPU.Build.0 = Debug|Any CPU
		{BC89FF0B-56C5-4B0A-846A-F5760A1FC994}.Release|Any CPU.ActiveCfg = Release|Any CPU
		{BC89FF0B-56C5-4B0A-846A-F5760A1FC994}.Release|Any CPU.Build.0 = Release|Any CPU
		{062C4764-99C7-4450-BF86-67C4BD5E8125}.Debug|Any CPU.ActiveCfg = Debug|Any CPU
		{062C4764-99C7-4450-BF86-67C4BD5E8125}.Debug|Any CPU.Build.0 = Debug|Any CPU
		{062C4764-99C7-4450-BF86-67C4BD5E8125}.Release|Any CPU.ActiveCfg = Release|Any CPU
		{062C4764-99C7-4450-BF86-67C4BD5E8125}.Release|Any CPU.Build.0 = Release|Any CPU
	EndGlobalSection
	GlobalSection(SolutionProperties) = preSolution
		HideSolutionNode = FALSE
	EndGlobalSection
EndGlobal
