
Microsoft Visual Studio Solution File, Format Version 12.00
# Visual Studio 15
VisualStudioVersion = 15.0.26430.16
MinimumVisualStudioVersion = 10.0.40219.1
Project("{FAE04EC0-301F-11D3-BF4B-00C04F79EFBC}") = "MyString", "MyString\MyString.csproj", "{F211C4B3-9BD9-48EA-B746-B4D408691642}"
EndProject
Project("{FAE04EC0-301F-11D3-BF4B-00C04F79EFBC}") = "MyStringBuilder", "MyStringBuilder\MyStringBuilder.csproj", "{68FAC8A3-36E5-435F-A883-BC7969D1C6AD}"
EndProject
Global
	GlobalSection(SolutionConfigurationPlatforms) = preSolution
		Debug|Any CPU = Debug|Any CPU
		Release|Any CPU = Release|Any CPU
	EndGlobalSection
	GlobalSection(ProjectConfigurationPlatforms) = postSolution
		{F211C4B3-9BD9-48EA-B746-B4D408691642}.Debug|Any CPU.ActiveCfg = Debug|Any CPU
		{F211C4B3-9BD9-48EA-B746-B4D408691642}.Debug|Any CPU.Build.0 = Debug|Any CPU
		{F211C4B3-9BD9-48EA-B746-B4D408691642}.Release|Any CPU.ActiveCfg = Release|Any CPU
		{F211C4B3-9BD9-48EA-B746-B4D408691642}.Release|Any CPU.Build.0 = Release|Any CPU
		{68FAC8A3-36E5-435F-A883-BC7969D1C6AD}.Debug|Any CPU.ActiveCfg = Debug|Any CPU
		{68FAC8A3-36E5-435F-A883-BC7969D1C6AD}.Debug|Any CPU.Build.0 = Debug|Any CPU
		{68FAC8A3-36E5-435F-A883-BC7969D1C6AD}.Release|Any CPU.ActiveCfg = Release|Any CPU
		{68FAC8A3-36E5-435F-A883-BC7969D1C6AD}.Release|Any CPU.Build.0 = Release|Any CPU
	EndGlobalSection
	GlobalSection(SolutionProperties) = preSolution
		HideSolutionNode = FALSE
	EndGlobalSection
EndGlobal
